
Microsoft Visual Studio Solution File, Format Version 12.00
# Visual Studio Version 16
VisualStudioVersion = 16.0.29926.136
MinimumVisualStudioVersion = 10.0.40219.1
Project("{9A19103F-16F7-4668-BE54-9A1E7A4F7556}") = "GrupedDataUI", "GrupedDataUI\GrupedDataUI.csproj", "{23BAD418-CBAF-4BCC-8BCB-E58BBE04D451}"
EndProject
Project("{9A19103F-16F7-4668-BE54-9A1E7A4F7556}") = "GrupedData.Application", "GrupedData.Application\GrupedData.Application.csproj", "{F90C63FD-2027-4AD3-99EF-03B1378F0084}"
EndProject
Project("{9A19103F-16F7-4668-BE54-9A1E7A4F7556}") = "GrupedData.Domain", "GrupedData.Domain\GrupedData.Domain.csproj", "{6675E506-66D0-49C8-A352-49B0AC64F00A}"
EndProject
Project("{FAE04EC0-301F-11D3-BF4B-00C04F79EFBC}") = "GrupedData.Infrastructure", "GrupedData.Infrastructure\GrupedData.Infrastructure.csproj", "{9656FD6E-E855-4D46-B62D-06B7A28A6DCD}"
EndProject
Global
	GlobalSection(SolutionConfigurationPlatforms) = preSolution
		Debug|Any CPU = Debug|Any CPU
		Release|Any CPU = Release|Any CPU
	EndGlobalSection
	GlobalSection(ProjectConfigurationPlatforms) = postSolution
		{23BAD418-CBAF-4BCC-8BCB-E58BBE04D451}.Debug|Any CPU.ActiveCfg = Debug|Any CPU
		{23BAD418-CBAF-4BCC-8BCB-E58BBE04D451}.Debug|Any CPU.Build.0 = Debug|Any CPU
		{23BAD418-CBAF-4BCC-8BCB-E58BBE04D451}.Release|Any CPU.ActiveCfg = Release|Any CPU
		{23BAD418-CBAF-4BCC-8BCB-E58BBE04D451}.Release|Any CPU.Build.0 = Release|Any CPU
		{F90C63FD-2027-4AD3-99EF-03B1378F0084}.Debug|Any CPU.ActiveCfg = Debug|Any CPU
		{F90C63FD-2027-4AD3-99EF-03B1378F0084}.Debug|Any CPU.Build.0 = Debug|Any CPU
		{F90C63FD-2027-4AD3-99EF-03B1378F0084}.Release|Any CPU.ActiveCfg = Release|Any CPU
		{F90C63FD-2027-4AD3-99EF-03B1378F0084}.Release|Any CPU.Build.0 = Release|Any CPU
		{6675E506-66D0-49C8-A352-49B0AC64F00A}.Debug|Any CPU.ActiveCfg = Debug|Any CPU
		{6675E506-66D0-49C8-A352-49B0AC64F00A}.Debug|Any CPU.Build.0 = Debug|Any CPU
		{6675E506-66D0-49C8-A352-49B0AC64F00A}.Release|Any CPU.ActiveCfg = Release|Any CPU
		{6675E506-66D0-49C8-A352-49B0AC64F00A}.Release|Any CPU.Build.0 = Release|Any CPU
		{9656FD6E-E855-4D46-B62D-06B7A28A6DCD}.Debug|Any CPU.ActiveCfg = Debug|Any CPU
		{9656FD6E-E855-4D46-B62D-06B7A28A6DCD}.Debug|Any CPU.Build.0 = Debug|Any CPU
		{9656FD6E-E855-4D46-B62D-06B7A28A6DCD}.Release|Any CPU.ActiveCfg = Release|Any CPU
		{9656FD6E-E855-4D46-B62D-06B7A28A6DCD}.Release|Any CPU.Build.0 = Release|Any CPU
	EndGlobalSection
	GlobalSection(SolutionProperties) = preSolution
		HideSolutionNode = FALSE
	EndGlobalSection
	GlobalSection(ExtensibilityGlobals) = postSolution
		SolutionGuid = {6B5804D3-449B-4DDE-B2B3-B8BA0AB8EAB9}
	EndGlobalSection
EndGlobal
